
Microsoft Visual Studio Solution File, Format Version 12.00
# Visual Studio 15
VisualStudioVersion = 15.0.26124.0
MinimumVisualStudioVersion = 15.0.26124.0
Project("{FAE04EC0-301F-11D3-BF4B-00C04F79EFBC}") = "Gobie74.AspNetCore.Identity.AzureTable", "src\Gobie74.AspNetCore.Identity.AzureTable.csproj", "{F1F62618-A8AE-4388-A27A-7B829BB98E48}"
EndProject
Project("{FAE04EC0-301F-11D3-BF4B-00C04F79EFBC}") = "web", "web\web.csproj", "{B6BF7284-676B-46AE-A44F-49FC401723B7}"
EndProject
Global
	GlobalSection(SolutionConfigurationPlatforms) = preSolution
		Debug|Any CPU = Debug|Any CPU
		Debug|x64 = Debug|x64
		Debug|x86 = Debug|x86
		Release|Any CPU = Release|Any CPU
		Release|x64 = Release|x64
		Release|x86 = Release|x86
	EndGlobalSection
	GlobalSection(SolutionProperties) = preSolution
		HideSolutionNode = FALSE
	EndGlobalSection
	GlobalSection(ProjectConfigurationPlatforms) = postSolution
		{F1F62618-A8AE-4388-A27A-7B829BB98E48}.Debug|Any CPU.ActiveCfg = Debug|Any CPU
		{F1F62618-A8AE-4388-A27A-7B829BB98E48}.Debug|Any CPU.Build.0 = Debug|Any CPU
		{F1F62618-A8AE-4388-A27A-7B829BB98E48}.Debug|x64.ActiveCfg = Debug|Any CPU
		{F1F62618-A8AE-4388-A27A-7B829BB98E48}.Debug|x64.Build.0 = Debug|Any CPU
		{F1F62618-A8AE-4388-A27A-7B829BB98E48}.Debug|x86.ActiveCfg = Debug|Any CPU
		{F1F62618-A8AE-4388-A27A-7B829BB98E48}.Debug|x86.Build.0 = Debug|Any CPU
		{F1F62618-A8AE-4388-A27A-7B829BB98E48}.Release|Any CPU.ActiveCfg = Release|Any CPU
		{F1F62618-A8AE-4388-A27A-7B829BB98E48}.Release|Any CPU.Build.0 = Release|Any CPU
		{F1F62618-A8AE-4388-A27A-7B829BB98E48}.Release|x64.ActiveCfg = Release|Any CPU
		{F1F62618-A8AE-4388-A27A-7B829BB98E48}.Release|x64.Build.0 = Release|Any CPU
		{F1F62618-A8AE-4388-A27A-7B829BB98E48}.Release|x86.ActiveCfg = Release|Any CPU
		{F1F62618-A8AE-4388-A27A-7B829BB98E48}.Release|x86.Build.0 = Release|Any CPU
		{B6BF7284-676B-46AE-A44F-49FC401723B7}.Debug|Any CPU.ActiveCfg = Debug|Any CPU
		{B6BF7284-676B-46AE-A44F-49FC401723B7}.Debug|Any CPU.Build.0 = Debug|Any CPU
		{B6BF7284-676B-46AE-A44F-49FC401723B7}.Debug|x64.ActiveCfg = Debug|Any CPU
		{B6BF7284-676B-46AE-A44F-49FC401723B7}.Debug|x64.Build.0 = Debug|Any CPU
		{B6BF7284-676B-46AE-A44F-49FC401723B7}.Debug|x86.ActiveCfg = Debug|Any CPU
		{B6BF7284-676B-46AE-A44F-49FC401723B7}.Debug|x86.Build.0 = Debug|Any CPU
		{B6BF7284-676B-46AE-A44F-49FC401723B7}.Release|Any CPU.ActiveCfg = Release|Any CPU
		{B6BF7284-676B-46AE-A44F-49FC401723B7}.Release|Any CPU.Build.0 = Release|Any CPU
		{B6BF7284-676B-46AE-A44F-49FC401723B7}.Release|x64.ActiveCfg = Release|Any CPU
		{B6BF7284-676B-46AE-A44F-49FC401723B7}.Release|x64.Build.0 = Release|Any CPU
		{B6BF7284-676B-46AE-A44F-49FC401723B7}.Release|x86.ActiveCfg = Release|Any CPU
		{B6BF7284-676B-46AE-A44F-49FC401723B7}.Release|x86.Build.0 = Release|Any CPU
	EndGlobalSection
EndGlobal
